// !$*UTF8*$!
{
	archiveVersion = 1;
	classes = {
	};
	objectVersion = 46;
	objects = {

/* Begin PBXBuildFile section */
		75A23B481F5E97E0000C1AA3 /* main.m in Sources */ = {isa = PBXBuildFile; fileRef = 75A23B471F5E97E0000C1AA3 /* main.m */; };
		75A23B4B1F5E97E0000C1AA3 /* AppDelegate.m in Sources */ = {isa = PBXBuildFile; fileRef = 75A23B4A1F5E97E0000C1AA3 /* AppDelegate.m */; };
		75A23B4E1F5E97E0000C1AA3 /* ViewController.m in Sources */ = {isa = PBXBuildFile; fileRef = 75A23B4D1F5E97E0000C1AA3 /* ViewController.m */; };
		75A23B511F5E97E0000C1AA3 /* Main.storyboard in Resources */ = {isa = PBXBuildFile; fileRef = 75A23B4F1F5E97E0000C1AA3 /* Main.storyboard */; };
		75A23B531F5E97E0000C1AA3 /* Assets.xcassets in Resources */ = {isa = PBXBuildFile; fileRef = 75A23B521F5E97E0000C1AA3 /* Assets.xcassets */; };
		75A23B561F5E97E0000C1AA3 /* LaunchScreen.storyboard in Resources */ = {isa = PBXBuildFile; fileRef = 75A23B541F5E97E0000C1AA3 /* LaunchScreen.storyboard */; };
		75A23B611F5E97E0000C1AA3 /* _6UIWindowTests.m in Sources */ = {isa = PBXBuildFile; fileRef = 75A23B601F5E97E0000C1AA3 /* _6UIWindowTests.m */; };
		75A23B6C1F5E97E0000C1AA3 /* _6UIWindowUITests.m in Sources */ = {isa = PBXBuildFile; fileRef = 75A23B6B1F5E97E0000C1AA3 /* _6UIWindowUITests.m */; };
/* End PBXBuildFile section */

/* Begin PBXContainerItemProxy section */
		75A23B5D1F5E97E0000C1AA3 /* PBXContainerItemProxy */ = {
			isa = PBXContainerItemProxy;
			containerPortal = 75A23B3B1F5E97DF000C1AA3 /* Project object */;
			proxyType = 1;
			remoteGlobalIDString = 75A23B421F5E97DF000C1AA3;
			remoteInfo = 06UIWindow;
		};
		75A23B681F5E97E0000C1AA3 /* PBXContainerItemProxy */ = {
			isa = PBXContainerItemProxy;
			containerPortal = 75A23B3B1F5E97DF000C1AA3 /* Project object */;
			proxyType = 1;
			remoteGlobalIDString = 75A23B421F5E97DF000C1AA3;
			remoteInfo = 06UIWindow;
		};
/* End PBXContainerItemProxy section */

/* Begin PBXFileReference section */
		75A23B431F5E97DF000C1AA3 /* 06UIWindow.app */ = {isa = PBXFileReference; explicitFileType = wrapper.application; includeInIndex = 0; path = 06UIWindow.app; sourceTree = BUILT_PRODUCTS_DIR; };
		75A23B471F5E97E0000C1AA3 /* main.m */ = {isa = PBXFileReference; lastKnownFileType = sourcecode.c.objc; path = main.m; sourceTree = "<group>"; };
		75A23B491F5E97E0000C1AA3 /* AppDelegate.h */ = {isa = PBXFileReference; lastKnownFileType = sourcecode.c.h; path = AppDelegate.h; sourceTree = "<group>"; };
		75A23B4A1F5E97E0000C1AA3 /* AppDelegate.m */ = {isa = PBXFileReference; lastKnownFileType = sourcecode.c.objc; path = AppDelegate.m; sourceTree = "<group>"; };
		75A23B4C1F5E97E0000C1AA3 /* ViewController.h */ = {isa = PBXFileReference; lastKnownFileType = sourcecode.c.h; path = ViewController.h; sourceTree = "<group>"; };
		75A23B4D1F5E97E0000C1AA3 /* ViewController.m */ = {isa = PBXFileReference; lastKnownFileType = sourcecode.c.objc; path = ViewController.m; sourceTree = "<group>"; };
		75A23B501F5E97E0000C1AA3 /* Base */ = {isa = PBXFileReference; lastKnownFileType = file.storyboard; name = Base; path = Base.lproj/Main.storyboard; sourceTree = "<group>"; };
		75A23B521F5E97E0000C1AA3 /* Assets.xcassets */ = {isa = PBXFileReference; lastKnownFileType = folder.assetcatalog; path = Assets.xcassets; sourceTree = "<group>"; };
		75A23B551F5E97E0000C1AA3 /* Base */ = {isa = PBXFileReference; lastKnownFileType = file.storyboard; name = Base; path = Base.lproj/LaunchScreen.storyboard; sourceTree = "<group>"; };
		75A23B571F5E97E0000C1AA3 /* Info.plist */ = {isa = PBXFileReference; lastKnownFileType = text.plist.xml; path = Info.plist; sourceTree = "<group>"; };
		75A23B5C1F5E97E0000C1AA3 /* 06UIWindowTests.xctest */ = {isa = PBXFileReference; explicitFileType = wrapper.cfbundle; includeInIndex = 0; path = 06UIWindowTests.xctest; sourceTree = BUILT_PRODUCTS_DIR; };
		75A23B601F5E97E0000C1AA3 /* _6UIWindowTests.m */ = {isa = PBXFileReference; lastKnownFileType = sourcecode.c.objc; path = _6UIWindowTests.m; sourceTree = "<group>"; };
		75A23B621F5E97E0000C1AA3 /* Info.plist */ = {isa = PBXFileReference; lastKnownFileType = text.plist.xml; path = Info.plist; sourceTree = "<group>"; };
		75A23B671F5E97E0000C1AA3 /* 06UIWindowUITests.xctest */ = {isa = PBXFileReference; explicitFileType = wrapper.cfbundle; includeInIndex = 0; path = 06UIWindowUITests.xctest; sourceTree = BUILT_PRODUCTS_DIR; };
		75A23B6B1F5E97E0000C1AA3 /* _6UIWindowUITests.m */ = {isa = PBXFileReference; lastKnownFileType = sourcecode.c.objc; path = _6UIWindowUITests.m; sourceTree = "<group>"; };
		75A23B6D1F5E97E0000C1AA3 /* Info.plist */ = {isa = PBXFileReference; lastKnownFileType = text.plist.xml; path = Info.plist; sourceTree = "<group>"; };
/* End PBXFileReference section */

/* Begin PBXFrameworksBuildPhase section */
		75A23B401F5E97DF000C1AA3 /* Frameworks */ = {
			isa = PBXFrameworksBuildPhase;
			buildActionMask = 2147483647;
			files = (
			);
			runOnlyForDeploymentPostprocessing = 0;
		};
		75A23B591F5E97E0000C1AA3 /* Frameworks */ = {
			isa = PBXFrameworksBuildPhase;
			buildActionMask = 2147483647;
			files = (
			);
			runOnlyForDeploymentPostprocessing = 0;
		};
		75A23B641F5E97E0000C1AA3 /* Frameworks */ = {
			isa = PBXFrameworksBuildPhase;
			buildActionMask = 2147483647;
			files = (
			);
			runOnlyForDeploymentPostprocessing = 0;
		};
/* End PBXFrameworksBuildPhase section */

/* Begin PBXGroup section */
		75A23B3A1F5E97DF000C1AA3 = {
			isa = PBXGroup;
			children = (
				75A23B451F5E97E0000C1AA3 /* 06UIWindow */,
				75A23B5F1F5E97E0000C1AA3 /* 06UIWindowTests */,
				75A23B6A1F5E97E0000C1AA3 /* 06UIWindowUITests */,
				75A23B441F5E97DF000C1AA3 /* Products */,
			);
			sourceTree = "<group>";
		};
		75A23B441F5E97DF000C1AA3 /* Products */ = {
			isa = PBXGroup;
			children = (
				75A23B431F5E97DF000C1AA3 /* 06UIWindow.app */,
				75A23B5C1F5E97E0000C1AA3 /* 06UIWindowTests.xctest */,
				75A23B671F5E97E0000C1AA3 /* 06UIWindowUITests.xctest */,
			);
			name = Products;
			sourceTree = "<group>";
		};
		75A23B451F5E97E0000C1AA3 /* 06UIWindow */ = {
			isa = PBXGroup;
			children = (
				75A23B491F5E97E0000C1AA3 /* AppDelegate.h */,
				75A23B4A1F5E97E0000C1AA3 /* AppDelegate.m */,
				75A23B4C1F5E97E0000C1AA3 /* ViewController.h */,
				75A23B4D1F5E97E0000C1AA3 /* ViewController.m */,
				75A23B4F1F5E97E0000C1AA3 /* Main.storyboard */,
				75A23B521F5E97E0000C1AA3 /* Assets.xcassets */,
				75A23B541F5E97E0000C1AA3 /* LaunchScreen.storyboard */,
				75A23B571F5E97E0000C1AA3 /* Info.plist */,
				75A23B461F5E97E0000C1AA3 /* Supporting Files */,
			);
			path = 06UIWindow;
			sourceTree = "<group>";
		};
		75A23B461F5E97E0000C1AA3 /* Supporting Files */ = {
			isa = PBXGroup;
			children = (
				75A23B471F5E97E0000C1AA3 /* main.m */,
			);
			name = "Supporting Files";
			sourceTree = "<group>";
		};
		75A23B5F1F5E97E0000C1AA3 /* 06UIWindowTests */ = {
			isa = PBXGroup;
			children = (
				75A23B601F5E97E0000C1AA3 /* _6UIWindowTests.m */,
				75A23B621F5E97E0000C1AA3 /* Info.plist */,
			);
			path = 06UIWindowTests;
			sourceTree = "<group>";
		};
		75A23B6A1F5E97E0000C1AA3 /* 06UIWindowUITests */ = {
			isa = PBXGroup;
			children = (
				75A23B6B1F5E97E0000C1AA3 /* _6UIWindowUITests.m */,
				75A23B6D1F5E97E0000C1AA3 /* Info.plist */,
			);
			path = 06UIWindowUITests;
			sourceTree = "<group>";
		};
/* End PBXGroup section */

/* Begin PBXNativeTarget section */
		75A23B421F5E97DF000C1AA3 /* 06UIWindow */ = {
			isa = PBXNativeTarget;
			buildConfigurationList = 75A23B701F5E97E0000C1AA3 /* Build configuration list for PBXNativeTarget "06UIWindow" */;
			buildPhases = (
				75A23B3F1F5E97DF000C1AA3 /* Sources */,
				75A23B401F5E97DF000C1AA3 /* Frameworks */,
				75A23B411F5E97DF000C1AA3 /* Resources */,
			);
			buildRules = (
			);
			dependencies = (
			);
			name = 06UIWindow;
			productName = 06UIWindow;
			productReference = 75A23B431F5E97DF000C1AA3 /* 06UIWindow.app */;
			productType = "com.apple.product-type.application";
		};
		75A23B5B1F5E97E0000C1AA3 /* 06UIWindowTests */ = {
			isa = PBXNativeTarget;
			buildConfigurationList = 75A23B731F5E97E0000C1AA3 /* Build configuration list for PBXNativeTarget "06UIWindowTests" */;
			buildPhases = (
				75A23B581F5E97E0000C1AA3 /* Sources */,
				75A23B591F5E97E0000C1AA3 /* Frameworks */,
				75A23B5A1F5E97E0000C1AA3 /* Resources */,
			);
			buildRules = (
			);
			dependencies = (
				75A23B5E1F5E97E0000C1AA3 /* PBXTargetDependency */,
			);
			name = 06UIWindowTests;
			productName = 06UIWindowTests;
			productReference = 75A23B5C1F5E97E0000C1AA3 /* 06UIWindowTests.xctest */;
			productType = "com.apple.product-type.bundle.unit-test";
		};
		75A23B661F5E97E0000C1AA3 /* 06UIWindowUITests */ = {
			isa = PBXNativeTarget;
			buildConfigurationList = 75A23B761F5E97E0000C1AA3 /* Build configuration list for PBXNativeTarget "06UIWindowUITests" */;
			buildPhases = (
				75A23B631F5E97E0000C1AA3 /* Sources */,
				75A23B641F5E97E0000C1AA3 /* Frameworks */,
				75A23B651F5E97E0000C1AA3 /* Resources */,
			);
			buildRules = (
			);
			dependencies = (
				75A23B691F5E97E0000C1AA3 /* PBXTargetDependency */,
			);
			name = 06UIWindowUITests;
			productName = 06UIWindowUITests;
			productReference = 75A23B671F5E97E0000C1AA3 /* 06UIWindowUITests.xctest */;
			productType = "com.apple.product-type.bundle.ui-testing";
		};
/* End PBXNativeTarget section */

/* Begin PBXProject section */
		75A23B3B1F5E97DF000C1AA3 /* Project object */ = {
			isa = PBXProject;
			attributes = {
				LastUpgradeCheck = 0730;
				ORGANIZATIONNAME = lingdian;
				TargetAttributes = {
					75A23B421F5E97DF000C1AA3 = {
						CreatedOnToolsVersion = 7.3.1;
					};
					75A23B5B1F5E97E0000C1AA3 = {
						CreatedOnToolsVersion = 7.3.1;
						TestTargetID = 75A23B421F5E97DF000C1AA3;
					};
					75A23B661F5E97E0000C1AA3 = {
						CreatedOnToolsVersion = 7.3.1;
						TestTargetID = 75A23B421F5E97DF000C1AA3;
					};
				};
			};
			buildConfigurationList = 75A23B3E1F5E97DF000C1AA3 /* Build configuration list for PBXProject "06UIWindow" */;
			compatibilityVersion = "Xcode 3.2";
			developmentRegion = English;
			hasScannedForEncodings = 0;
			knownRegions = (
				en,
				Base,
			);
			mainGroup = 75A23B3A1F5E97DF000C1AA3;
			productRefGroup = 75A23B441F5E97DF000C1AA3 /* Products */;
			projectDirPath = "";
			projectRoot = "";
			targets = (
				75A23B421F5E97DF000C1AA3 /* 06UIWindow */,
				75A23B5B1F5E97E0000C1AA3 /* 06UIWindowTests */,
				75A23B661F5E97E0000C1AA3 /* 06UIWindowUITests */,
			);
		};
/* End PBXProject section */

/* Begin PBXResourcesBuildPhase section */
		75A23B411F5E97DF000C1AA3 /* Resources */ = {
			isa = PBXResourcesBuildPhase;
			buildActionMask = 2147483647;
			files = (
				75A23B561F5E97E0000C1AA3 /* LaunchScreen.storyboard in Resources */,
				75A23B531F5E97E0000C1AA3 /* Assets.xcassets in Resources */,
				75A23B511F5E97E0000C1AA3 /* Main.storyboard in Resources */,
			);
			runOnlyForDeploymentPostprocessing = 0;
		};
		75A23B5A1F5E97E0000C1AA3 /* Resources */ = {
			isa = PBXResourcesBuildPhase;
			buildActionMask = 2147483647;
			files = (
			);
			runOnlyForDeploymentPostprocessing = 0;
		};
		75A23B651F5E97E0000C1AA3 /* Resources */ = {
			isa = PBXResourcesBuildPhase;
			buildActionMask = 2147483647;
			files = (
			);
			runOnlyForDeploymentPostprocessing = 0;
		};
/* End PBXResourcesBuildPhase section */

/* Begin PBXSourcesBuildPhase section */
		75A23B3F1F5E97DF000C1AA3 /* Sources */ = {
			isa = PBXSourcesBuildPhase;
			buildActionMask = 2147483647;
			files = (
				75A23B4E1F5E97E0000C1AA3 /* ViewController.m in Sources */,
				75A23B4B1F5E97E0000C1AA3 /* AppDelegate.m in Sources */,
				75A23B481F5E97E0000C1AA3 /* main.m in Sources */,
			);
			runOnlyForDeploymentPostprocessing = 0;
		};
		75A23B581F5E97E0000C1AA3 /* Sources */ = {
			isa = PBXSourcesBuildPhase;
			buildActionMask = 2147483647;
			files = (
				75A23B611F5E97E0000C1AA3 /* _6UIWindowTests.m in Sources */,
			);
			runOnlyForDeploymentPostprocessing = 0;
		};
		75A23B631F5E97E0000C1AA3 /* Sources */ = {
			isa = PBXSourcesBuildPhase;
			buildActionMask = 2147483647;
			files = (
				75A23B6C1F5E97E0000C1AA3 /* _6UIWindowUITests.m in Sources */,
			);
			runOnlyForDeploymentPostprocessing = 0;
		};
/* End PBXSourcesBuildPhase section */

/* Begin PBXTargetDependency section */
		75A23B5E1F5E97E0000C1AA3 /* PBXTargetDependency */ = {
			isa = PBXTargetDependency;
			target = 75A23B421F5E97DF000C1AA3 /* 06UIWindow */;
			targetProxy = 75A23B5D1F5E97E0000C1AA3 /* PBXContainerItemProxy */;
		};
		75A23B691F5E97E0000C1AA3 /* PBXTargetDependency */ = {
			isa = PBXTargetDependency;
			target = 75A23B421F5E97DF000C1AA3 /* 06UIWindow */;
			targetProxy = 75A23B681F5E97E0000C1AA3 /* PBXContainerItemProxy */;
		};
/* End PBXTargetDependency section */

/* Begin PBXVariantGroup section */
		75A23B4F1F5E97E0000C1AA3 /* Main.storyboard */ = {
			isa = PBXVariantGroup;
			children = (
				75A23B501F5E97E0000C1AA3 /* Base */,
			);
			name = Main.storyboard;
			sourceTree = "<group>";
		};
		75A23B541F5E97E0000C1AA3 /* LaunchScreen.storyboard */ = {
			isa = PBXVariantGroup;
			children = (
				75A23B551F5E97E0000C1AA3 /* Base */,
			);
			name = LaunchScreen.storyboard;
			sourceTree = "<group>";
		};
/* End PBXVariantGroup section */

/* Begin XCBuildConfiguration section */
		75A23B6E1F5E97E0000C1AA3 /* Debug */ = {
			isa = XCBuildConfiguration;
			buildSettings = {
				ALWAYS_SEARCH_USER_PATHS = NO;
				CLANG_ANALYZER_NONNULL = YES;
				CLANG_CXX_LANGUAGE_STANDARD = "gnu++0x";
				CLANG_CXX_LIBRARY = "libc++";
				CLANG_ENABLE_MODULES = YES;
				CLANG_ENABLE_OBJC_ARC = YES;
				CLANG_WARN_BOOL_CONVERSION = YES;
				CLANG_WARN_CONSTANT_CONVERSION = YES;
				CLANG_WARN_DIRECT_OBJC_ISA_USAGE = YES_ERROR;
				CLANG_WARN_EMPTY_BODY = YES;
				CLANG_WARN_ENUM_CONVERSION = YES;
				CLANG_WARN_INT_CONVERSION = YES;
				CLANG_WARN_OBJC_ROOT_CLASS = YES_ERROR;
				CLANG_WARN_UNREACHABLE_CODE = YES;
				CLANG_WARN__DUPLICATE_METHOD_MATCH = YES;
				"CODE_SIGN_IDENTITY[sdk=iphoneos*]" = "iPhone Developer";
				COPY_PHASE_STRIP = NO;
				DEBUG_INFORMATION_FORMAT = dwarf;
				ENABLE_STRICT_OBJC_MSGSEND = YES;
				ENABLE_TESTABILITY = YES;
				GCC_C_LANGUAGE_STANDARD = gnu99;
				GCC_DYNAMIC_NO_PIC = NO;
				GCC_NO_COMMON_BLOCKS = YES;
				GCC_OPTIMIZATION_LEVEL = 0;
				GCC_PREPROCESSOR_DEFINITIONS = (
					"DEBUG=1",
					"$(inherited)",
				);
				GCC_WARN_64_TO_32_BIT_CONVERSION = YES;
				GCC_WARN_ABOUT_RETURN_TYPE = YES_ERROR;
				GCC_WARN_UNDECLARED_SELECTOR = YES;
				GCC_WARN_UNINITIALIZED_AUTOS = YES_AGGRESSIVE;
				GCC_WARN_UNUSED_FUNCTION = YES;
				GCC_WARN_UNUSED_VARIABLE = YES;
				IPHONEOS_DEPLOYMENT_TARGET = 9.3;
				MTL_ENABLE_DEBUG_INFO = YES;
				ONLY_ACTIVE_ARCH = YES;
				SDKROOT = iphoneos;
				TARGETED_DEVICE_FAMILY = "1,2";
			};
			name = Debug;
		};
		75A23B6F1F5E97E0000C1AA3 /* Release */ = {
			isa = XCBuildConfiguration;
			buildSettings = {
				ALWAYS_SEARCH_USER_PATHS = NO;
				CLANG_ANALYZER_NONNULL = YES;
				CLANG_CXX_LANGUAGE_STANDARD = "gnu++0x";
				CLANG_CXX_LIBRARY = "libc++";
				CLANG_ENABLE_MODULES = YES;
				CLANG_ENABLE_OBJC_ARC = YES;
				CLANG_WARN_BOOL_CONVERSION = YES;
				CLANG_WARN_CONSTANT_CONVERSION = YES;
				CLANG_WARN_DIRECT_OBJC_ISA_USAGE = YES_ERROR;
				CLANG_WARN_EMPTY_BODY = YES;
				CLANG_WARN_ENUM_CONVERSION = YES;
				CLANG_WARN_INT_CONVERSION = YES;
				CLANG_WARN_OBJC_ROOT_CLASS = YES_ERROR;
				CLANG_WARN_UNREACHABLE_CODE = YES;
				CLANG_WARN__DUPLICATE_METHOD_MATCH = YES;
				"CODE_SIGN_IDENTITY[sdk=iphoneos*]" = "iPhone Developer";
				COPY_PHASE_STRIP = NO;
				DEBUG_INFORMATION_FORMAT = "dwarf-with-dsym";
				ENABLE_NS_ASSERTIONS = NO;
				ENABLE_STRICT_OBJC_MSGSEND = YES;
				GCC_C_LANGUAGE_STANDARD = gnu99;
				GCC_NO_COMMON_BLOCKS = YES;
				GCC_WARN_64_TO_32_BIT_CONVERSION = YES;
				GCC_WARN_ABOUT_RETURN_TYPE = YES_ERROR;
				GCC_WARN_UNDECLARED_SELECTOR = YES;
				GCC_WARN_UNINITIALIZED_AUTOS = YES_AGGRESSIVE;
				GCC_WARN_UNUSED_FUNCTION = YES;
				GCC_WARN_UNUSED_VARIABLE = YES;
				IPHONEOS_DEPLOYMENT_TARGET = 9.3;
				MTL_ENABLE_DEBUG_INFO = NO;
				SDKROOT = iphoneos;
				TARGETED_DEVICE_FAMILY = "1,2";
				VALIDATE_PRODUCT = YES;
			};
			name = Release;
		};
		75A23B711F5E97E0000C1AA3 /* Debug */ = {
			isa = XCBuildConfiguration;
			buildSettings = {
				ASSETCATALOG_COMPILER_APPICON_NAME = AppIcon;
				INFOPLIST_FILE = 06UIWindow/Info.plist;
				LD_RUNPATH_SEARCH_PATHS = "$(inherited) @executable_path/Frameworks";
				PRODUCT_BUNDLE_IDENTIFIER = "lingdian.-6UIWindow";
				PRODUCT_NAME = "$(TARGET_NAME)";
			};
			name = Debug;
		};
		75A23B721F5E97E0000C1AA3 /* Release */ = {
			isa = XCBuildConfiguration;
			buildSettings = {
				ASSETCATALOG_COMPILER_APPICON_NAME = AppIcon;
				INFOPLIST_FILE = 06UIWindow/Info.plist;
				LD_RUNPATH_SEARCH_PATHS = "$(inherited) @executable_path/Frameworks";
				PRODUCT_BUNDLE_IDENTIFIER = "lingdian.-6UIWindow";
				PRODUCT_NAME = "$(TARGET_NAME)";
			};
			name = Release;
		};
		75A23B741F5E97E0000C1AA3 /* Debug */ = {
			isa = XCBuildConfiguration;
			buildSettings = {
				BUNDLE_LOADER = "$(TEST_HOST)";
				INFOPLIST_FILE = 06UIWindowTests/Info.plist;
				LD_RUNPATH_SEARCH_PATHS = "$(inherited) @executable_path/Frameworks @loader_path/Frameworks";
				PRODUCT_BUNDLE_IDENTIFIER = "lingdian.-6UIWindowTests";
				PRODUCT_NAME = "$(TARGET_NAME)";
				TEST_HOST = "$(BUILT_PRODUCTS_DIR)/06UIWindow.app/06UIWindow";
			};
			name = Debug;
		};
		75A23B751F5E97E0000C1AA3 /* Release */ = {
			isa = XCBuildConfiguration;
			buildSettings = {
				BUNDLE_LOADER = "$(TEST_HOST)";
				INFOPLIST_FILE = 06UIWindowTests/Info.plist;
				LD_RUNPATH_SEARCH_PATHS = "$(inherited) @executable_path/Frameworks @loader_path/Frameworks";
				PRODUCT_BUNDLE_IDENTIFIER = "lingdian.-6UIWindowTests";
				PRODUCT_NAME = "$(TARGET_NAME)";
				TEST_HOST = "$(BUILT_PRODUCTS_DIR)/06UIWindow.app/06UIWindow";
			};
			name = Release;
		};
		75A23B771F5E97E0000C1AA3 /* Debug */ = {
			isa = XCBuildConfiguration;
			buildSettings = {
				INFOPLIST_FILE = 06UIWindowUITests/Info.plist;
				LD_RUNPATH_SEARCH_PATHS = "$(inherited) @executable_path/Frameworks @loader_path/Frameworks";
				PRODUCT_BUNDLE_IDENTIFIER = "lingdian.-6UIWindowUITests";
				PRODUCT_NAME = "$(TARGET_NAME)";
				TEST_TARGET_NAME = 06UIWindow;
			};
			name = Debug;
		};
		75A23B781F5E97E0000C1AA3 /* Release */ = {
			isa = XCBuildConfiguration;
			buildSettings = {
				INFOPLIST_FILE = 06UIWindowUITests/Info.plist;
				LD_RUNPATH_SEARCH_PATHS = "$(inherited) @executable_path/Frameworks @loader_path/Frameworks";
				PRODUCT_BUNDLE_IDENTIFIER = "lingdian.-6UIWindowUITests";
				PRODUCT_NAME = "$(TARGET_NAME)";
				TEST_TARGET_NAME = 06UIWindow;
			};
			name = Release;
		};
/* End XCBuildConfiguration section */

/* Begin XCConfigurationList section */
		75A23B3E1F5E97DF000C1AA3 /* Build configuration list for PBXProject "06UIWindow" */ = {
			isa = XCConfigurationList;
			buildConfigurations = (
				75A23B6E1F5E97E0000C1AA3 /* Debug */,
				75A23B6F1F5E97E0000C1AA3 /* Release */,
			);
			defaultConfigurationIsVisible = 0;
			defaultConfigurationName = Release;
		};
		75A23B701F5E97E0000C1AA3 /* Build configuration list for PBXNativeTarget "06UIWindow" */ = {
			isa = XCConfigurationList;
			buildConfigurations = (
				75A23B711F5E97E0000C1AA3 /* Debug */,
				75A23B721F5E97E0000C1AA3 /* Release */,
			);
			defaultConfigurationIsVisible = 0;
		};
		75A23B731F5E97E0000C1AA3 /* Build configuration list for PBXNativeTarget "06UIWindowTests" */ = {
			isa = XCConfigurationList;
			buildConfigurations = (
				75A23B741F5E97E0000C1AA3 /* Debug */,
				75A23B751F5E97E0000C1AA3 /* Release */,
			);
			defaultConfigurationIsVisible = 0;
		};
		75A23B761F5E97E0000C1AA3 /* Build configuration list for PBXNativeTarget "06UIWindowUITests" */ = {
			isa = XCConfigurationList;
			buildConfigurations = (
				75A23B771F5E97E0000C1AA3 /* Debug */,
				75A23B781F5E97E0000C1AA3 /* Release */,
			);
			defaultConfigurationIsVisible = 0;
		};
/* End XCConfigurationList section */
	};
	rootObject = 75A23B3B1F5E97DF000C1AA3 /* Project object */;
}
